
Microsoft Visual Studio Solution File, Format Version 12.00
# Visual Studio Version 16
VisualStudioVersion = 16.0.29905.134
MinimumVisualStudioVersion = 10.0.40219.1
Project("{FAE04EC0-301F-11D3-BF4B-00C04F79EFBC}") = "AESEncryptDecryptFile", "AESEncryptDecyptFile\AESEncryptDecryptFile.csproj", "{571282BD-5261-4D00-9DBA-41CD2CF2D9A9}"
EndProject
Project("{FAE04EC0-301F-11D3-BF4B-00C04F79EFBC}") = "AESEncryptDecyptFile.Tests", "AESEncryptDecyptFile.Tests\AESEncryptDecyptFile.Tests.csproj", "{A7CFE3B4-1B45-4849-B621-8A60DCDAA86A}"
EndProject
Project("{FAE04EC0-301F-11D3-BF4B-00C04F79EFBC}") = "AESEncryptDecryptFile_Installer_exec", "AESEncryptDecryptFile_Installer_exec\AESEncryptDecryptFile_Installer_exec.csproj", "{E930A580-8B94-4487-845F-9675366E8DCD}"
EndProject
Project("{FAE04EC0-301F-11D3-BF4B-00C04F79EFBC}") = "AESEncryptDecryptFile_Launcher", "AESEncryptDecryptFile_Launcher\AESEncryptDecryptFile_Launcher.csproj", "{F9E42F1D-E313-41D5-9A39-179407D15C5E}"
EndProject
Project("{FAE04EC0-301F-11D3-BF4B-00C04F79EFBC}") = "AESEncryptDecryptFile_LauncherTests1", "AESEncryptDecryptFile_LauncherTests1\AESEncryptDecryptFile_LauncherTests1.csproj", "{075C48F4-30FE-4FD6-BCF2-773A83FAA0FA}"
EndProject
Global
	GlobalSection(SolutionConfigurationPlatforms) = preSolution
		Debug|Any CPU = Debug|Any CPU
		Debug|x86 = Debug|x86
		Release|Any CPU = Release|Any CPU
		Release|x86 = Release|x86
	EndGlobalSection
	GlobalSection(ProjectConfigurationPlatforms) = postSolution
		{571282BD-5261-4D00-9DBA-41CD2CF2D9A9}.Debug|Any CPU.ActiveCfg = Debug|Any CPU
		{571282BD-5261-4D00-9DBA-41CD2CF2D9A9}.Debug|Any CPU.Build.0 = Debug|Any CPU
		{571282BD-5261-4D00-9DBA-41CD2CF2D9A9}.Debug|x86.ActiveCfg = Debug|Any CPU
		{571282BD-5261-4D00-9DBA-41CD2CF2D9A9}.Debug|x86.Build.0 = Debug|Any CPU
		{571282BD-5261-4D00-9DBA-41CD2CF2D9A9}.Release|Any CPU.ActiveCfg = Release|Any CPU
		{571282BD-5261-4D00-9DBA-41CD2CF2D9A9}.Release|Any CPU.Build.0 = Release|Any CPU
		{571282BD-5261-4D00-9DBA-41CD2CF2D9A9}.Release|x86.ActiveCfg = Release|Any CPU
		{571282BD-5261-4D00-9DBA-41CD2CF2D9A9}.Release|x86.Build.0 = Release|Any CPU
		{A7CFE3B4-1B45-4849-B621-8A60DCDAA86A}.Debug|Any CPU.ActiveCfg = Debug|Any CPU
		{A7CFE3B4-1B45-4849-B621-8A60DCDAA86A}.Debug|Any CPU.Build.0 = Debug|Any CPU
		{A7CFE3B4-1B45-4849-B621-8A60DCDAA86A}.Debug|x86.ActiveCfg = Debug|Any CPU
		{A7CFE3B4-1B45-4849-B621-8A60DCDAA86A}.Debug|x86.Build.0 = Debug|Any CPU
		{A7CFE3B4-1B45-4849-B621-8A60DCDAA86A}.Release|Any CPU.ActiveCfg = Release|Any CPU
		{A7CFE3B4-1B45-4849-B621-8A60DCDAA86A}.Release|Any CPU.Build.0 = Release|Any CPU
		{A7CFE3B4-1B45-4849-B621-8A60DCDAA86A}.Release|x86.ActiveCfg = Release|Any CPU
		{A7CFE3B4-1B45-4849-B621-8A60DCDAA86A}.Release|x86.Build.0 = Release|Any CPU
		{E930A580-8B94-4487-845F-9675366E8DCD}.Debug|Any CPU.ActiveCfg = Debug|Any CPU
		{E930A580-8B94-4487-845F-9675366E8DCD}.Debug|Any CPU.Build.0 = Debug|Any CPU
		{E930A580-8B94-4487-845F-9675366E8DCD}.Debug|x86.ActiveCfg = Debug|Any CPU
		{E930A580-8B94-4487-845F-9675366E8DCD}.Debug|x86.Build.0 = Debug|Any CPU
		{E930A580-8B94-4487-845F-9675366E8DCD}.Release|Any CPU.ActiveCfg = Release|Any CPU
		{E930A580-8B94-4487-845F-9675366E8DCD}.Release|Any CPU.Build.0 = Release|Any CPU
		{E930A580-8B94-4487-845F-9675366E8DCD}.Release|x86.ActiveCfg = Release|Any CPU
		{E930A580-8B94-4487-845F-9675366E8DCD}.Release|x86.Build.0 = Release|Any CPU
		{F9E42F1D-E313-41D5-9A39-179407D15C5E}.Debug|Any CPU.ActiveCfg = Debug|Any CPU
		{F9E42F1D-E313-41D5-9A39-179407D15C5E}.Debug|Any CPU.Build.0 = Debug|Any CPU
		{F9E42F1D-E313-41D5-9A39-179407D15C5E}.Debug|x86.ActiveCfg = Debug|Any CPU
		{F9E42F1D-E313-41D5-9A39-179407D15C5E}.Debug|x86.Build.0 = Debug|Any CPU
		{F9E42F1D-E313-41D5-9A39-179407D15C5E}.Release|Any CPU.ActiveCfg = Release|Any CPU
		{F9E42F1D-E313-41D5-9A39-179407D15C5E}.Release|Any CPU.Build.0 = Release|Any CPU
		{F9E42F1D-E313-41D5-9A39-179407D15C5E}.Release|x86.ActiveCfg = Release|Any CPU
		{F9E42F1D-E313-41D5-9A39-179407D15C5E}.Release|x86.Build.0 = Release|Any CPU
		{075C48F4-30FE-4FD6-BCF2-773A83FAA0FA}.Debug|Any CPU.ActiveCfg = Debug|Any CPU
		{075C48F4-30FE-4FD6-BCF2-773A83FAA0FA}.Debug|Any CPU.Build.0 = Debug|Any CPU
		{075C48F4-30FE-4FD6-BCF2-773A83FAA0FA}.Debug|x86.ActiveCfg = Debug|Any CPU
		{075C48F4-30FE-4FD6-BCF2-773A83FAA0FA}.Debug|x86.Build.0 = Debug|Any CPU
		{075C48F4-30FE-4FD6-BCF2-773A83FAA0FA}.Release|Any CPU.ActiveCfg = Release|Any CPU
		{075C48F4-30FE-4FD6-BCF2-773A83FAA0FA}.Release|Any CPU.Build.0 = Release|Any CPU
		{075C48F4-30FE-4FD6-BCF2-773A83FAA0FA}.Release|x86.ActiveCfg = Release|Any CPU
		{075C48F4-30FE-4FD6-BCF2-773A83FAA0FA}.Release|x86.Build.0 = Release|Any CPU
	EndGlobalSection
	GlobalSection(SolutionProperties) = preSolution
		HideSolutionNode = FALSE
	EndGlobalSection
	GlobalSection(ExtensibilityGlobals) = postSolution
		SolutionGuid = {B05BD8A4-15F3-45C4-9307-67977FDF111A}
	EndGlobalSection
EndGlobal
